
Microsoft Visual Studio Solution File, Format Version 12.00
# Visual Studio 15
VisualStudioVersion = 15.0.27703.2035
MinimumVisualStudioVersion = 10.0.40219.1
Project("{9A19103F-16F7-4668-BE54-9A1E7A4F7556}") = "SfNotFound", "SfNotFound.csproj", "{EF544E03-6EE9-42B7-BCC8-4419C64ACDFE}"
EndProject
Global
	GlobalSection(SolutionConfigurationPlatforms) = preSolution
		Debug|Any CPU = Debug|Any CPU
		Release|Any CPU = Release|Any CPU
	EndGlobalSection
	GlobalSection(ProjectConfigurationPlatforms) = postSolution
		{EF544E03-6EE9-42B7-BCC8-4419C64ACDFE}.Debug|Any CPU.ActiveCfg = Debug|Any CPU
		{EF544E03-6EE9-42B7-BCC8-4419C64ACDFE}.Debug|Any CPU.Build.0 = Debug|Any CPU
		{EF544E03-6EE9-42B7-BCC8-4419C64ACDFE}.Release|Any CPU.ActiveCfg = Release|Any CPU
		{EF544E03-6EE9-42B7-BCC8-4419C64ACDFE}.Release|Any CPU.Build.0 = Release|Any CPU
	EndGlobalSection
	GlobalSection(SolutionProperties) = preSolution
		HideSolutionNode = FALSE
	EndGlobalSection
	GlobalSection(ExtensibilityGlobals) = postSolution
		SolutionGuid = {410FEB2A-81C9-4C8C-8309-92ACA4EE3104}
	EndGlobalSection
EndGlobal
